
Microsoft Visual Studio Solution File, Format Version 12.00
# Blend for Visual Studio Version 16
VisualStudioVersion = 16.0.30523.141
MinimumVisualStudioVersion = 10.0.40219.1
Project("{FAE04EC0-301F-11D3-BF4B-00C04F79EFBC}") = "Tema5Actividad2", "Tema5Actividad2\Tema5Actividad2.csproj", "{4DF1A30C-8127-4DD1-920E-B074C2C8F695}"
EndProject
Project("{FAE04EC0-301F-11D3-BF4B-00C04F79EFBC}") = "Tema5Actividad2aplicar", "Tema5Actividad2aplicar\Tema5Actividad2aplicar.csproj", "{5865F1D4-9045-4208-A458-B8294B04BD8C}"
EndProject
Global
	GlobalSection(SolutionConfigurationPlatforms) = preSolution
		Debug|Any CPU = Debug|Any CPU
		Release|Any CPU = Release|Any CPU
	EndGlobalSection
	GlobalSection(ProjectConfigurationPlatforms) = postSolution
		{4DF1A30C-8127-4DD1-920E-B074C2C8F695}.Debug|Any CPU.ActiveCfg = Debug|Any CPU
		{4DF1A30C-8127-4DD1-920E-B074C2C8F695}.Debug|Any CPU.Build.0 = Debug|Any CPU
		{4DF1A30C-8127-4DD1-920E-B074C2C8F695}.Release|Any CPU.ActiveCfg = Release|Any CPU
		{4DF1A30C-8127-4DD1-920E-B074C2C8F695}.Release|Any CPU.Build.0 = Release|Any CPU
		{5865F1D4-9045-4208-A458-B8294B04BD8C}.Debug|Any CPU.ActiveCfg = Debug|Any CPU
		{5865F1D4-9045-4208-A458-B8294B04BD8C}.Debug|Any CPU.Build.0 = Debug|Any CPU
		{5865F1D4-9045-4208-A458-B8294B04BD8C}.Release|Any CPU.ActiveCfg = Release|Any CPU
		{5865F1D4-9045-4208-A458-B8294B04BD8C}.Release|Any CPU.Build.0 = Release|Any CPU
	EndGlobalSection
	GlobalSection(SolutionProperties) = preSolution
		HideSolutionNode = FALSE
	EndGlobalSection
	GlobalSection(ExtensibilityGlobals) = postSolution
		SolutionGuid = {2E400C2C-53A5-460F-9934-549001B0D7D0}
	EndGlobalSection
EndGlobal
