
Microsoft Visual Studio Solution File, Format Version 12.00
# Blend for Visual Studio Version 16
VisualStudioVersion = 16.0.30523.141
MinimumVisualStudioVersion = 10.0.40219.1
Project("{FAE04EC0-301F-11D3-BF4B-00C04F79EFBC}") = "Tema6_ejemplo1", "Tema6_ejemplo1\Tema6_ejemplo1.csproj", "{C474ACB1-13BC-4E6C-A775-8337DFEF7B3E}"
EndProject
Global
	GlobalSection(SolutionConfigurationPlatforms) = preSolution
		Debug|Any CPU = Debug|Any CPU
		Release|Any CPU = Release|Any CPU
	EndGlobalSection
	GlobalSection(ProjectConfigurationPlatforms) = postSolution
		{C474ACB1-13BC-4E6C-A775-8337DFEF7B3E}.Debug|Any CPU.ActiveCfg = Debug|Any CPU
		{C474ACB1-13BC-4E6C-A775-8337DFEF7B3E}.Debug|Any CPU.Build.0 = Debug|Any CPU
		{C474ACB1-13BC-4E6C-A775-8337DFEF7B3E}.Release|Any CPU.ActiveCfg = Release|Any CPU
		{C474ACB1-13BC-4E6C-A775-8337DFEF7B3E}.Release|Any CPU.Build.0 = Release|Any CPU
	EndGlobalSection
	GlobalSection(SolutionProperties) = preSolution
		HideSolutionNode = FALSE
	EndGlobalSection
	GlobalSection(ExtensibilityGlobals) = postSolution
		SolutionGuid = {1CC0A323-C11D-498B-941E-6FEF3FDBA512}
	EndGlobalSection
EndGlobal
