
Microsoft Visual Studio Solution File, Format Version 12.00
# Blend for Visual Studio Version 16
VisualStudioVersion = 16.0.30523.141
MinimumVisualStudioVersion = 10.0.40219.1
Project("{FAE04EC0-301F-11D3-BF4B-00C04F79EFBC}") = "Tema4 Actividad6", "Tem 4 Actividad6\Tema4 Actividad6.csproj", "{C5AD7DD3-6BC9-4AD9-9719-115954F34A6A}"
EndProject
Global
	GlobalSection(SolutionConfigurationPlatforms) = preSolution
		Debug|Any CPU = Debug|Any CPU
		Release|Any CPU = Release|Any CPU
	EndGlobalSection
	GlobalSection(ProjectConfigurationPlatforms) = postSolution
		{C5AD7DD3-6BC9-4AD9-9719-115954F34A6A}.Debug|Any CPU.ActiveCfg = Debug|Any CPU
		{C5AD7DD3-6BC9-4AD9-9719-115954F34A6A}.Debug|Any CPU.Build.0 = Debug|Any CPU
		{C5AD7DD3-6BC9-4AD9-9719-115954F34A6A}.Release|Any CPU.ActiveCfg = Release|Any CPU
		{C5AD7DD3-6BC9-4AD9-9719-115954F34A6A}.Release|Any CPU.Build.0 = Release|Any CPU
	EndGlobalSection
	GlobalSection(SolutionProperties) = preSolution
		HideSolutionNode = FALSE
	EndGlobalSection
	GlobalSection(ExtensibilityGlobals) = postSolution
		SolutionGuid = {E2FC291B-B12D-4AC6-9050-ED6E3DEB1795}
	EndGlobalSection
EndGlobal
