
Microsoft Visual Studio Solution File, Format Version 12.00
# Blend for Visual Studio Version 16
VisualStudioVersion = 16.0.30717.126
MinimumVisualStudioVersion = 10.0.40219.1
Project("{FAE04EC0-301F-11D3-BF4B-00C04F79EFBC}") = "Tema6_actividad2", "Tema6_actividad2\Tema6_actividad2.csproj", "{6614BE99-FE6D-4A7C-9855-1AE5DD7BC354}"
EndProject
Global
	GlobalSection(SolutionConfigurationPlatforms) = preSolution
		Debug|Any CPU = Debug|Any CPU
		Release|Any CPU = Release|Any CPU
	EndGlobalSection
	GlobalSection(ProjectConfigurationPlatforms) = postSolution
		{6614BE99-FE6D-4A7C-9855-1AE5DD7BC354}.Debug|Any CPU.ActiveCfg = Debug|Any CPU
		{6614BE99-FE6D-4A7C-9855-1AE5DD7BC354}.Debug|Any CPU.Build.0 = Debug|Any CPU
		{6614BE99-FE6D-4A7C-9855-1AE5DD7BC354}.Release|Any CPU.ActiveCfg = Release|Any CPU
		{6614BE99-FE6D-4A7C-9855-1AE5DD7BC354}.Release|Any CPU.Build.0 = Release|Any CPU
	EndGlobalSection
	GlobalSection(SolutionProperties) = preSolution
		HideSolutionNode = FALSE
	EndGlobalSection
	GlobalSection(ExtensibilityGlobals) = postSolution
		SolutionGuid = {DE7C20D6-96FD-4141-B122-83F9C19B2852}
	EndGlobalSection
EndGlobal
